
Microsoft Visual Studio Solution File, Format Version 12.00
# Visual Studio Version 17
VisualStudioVersion = 17.1.32421.90
MinimumVisualStudioVersion = 10.0.40219.1
Project("{FAE04EC0-301F-11D3-BF4B-00C04F79EFBC}") = "JeremyAnsel.IO.Locator", "JeremyAnsel.IO.Locator\JeremyAnsel.IO.Locator.csproj", "{4B468B30-6E6E-4E36-A7CF-48BF0892E566}"
EndProject
Project("{FAE04EC0-301F-11D3-BF4B-00C04F79EFBC}") = "JeremyAnsel.IO.Locator.Tests", "JeremyAnsel.IO.Locator.Tests\JeremyAnsel.IO.Locator.Tests.csproj", "{7C5BE5FC-50D9-453F-B535-0039B56177C3}"
EndProject
Project("{FAE04EC0-301F-11D3-BF4B-00C04F79EFBC}") = "JeremyAnsel.IO.DiscLocator", "JeremyAnsel.IO.DiscLocator\JeremyAnsel.IO.DiscLocator.csproj", "{7D37EE2C-DB8F-4EDC-88B4-FD3B910FEEF1}"
EndProject
Project("{FAE04EC0-301F-11D3-BF4B-00C04F79EFBC}") = "JeremyAnsel.IO.DiscLocator.Tests", "JeremyAnsel.IO.DiscLocator.Tests\JeremyAnsel.IO.DiscLocator.Tests.csproj", "{3D39345C-B95E-44E8-A00E-582DF38AF3F8}"
EndProject
Project("{FAE04EC0-301F-11D3-BF4B-00C04F79EFBC}") = "Documentation", "Documentation\Documentation.csproj", "{676BF4A7-FB26-4E1E-A972-087DCB0E26B8}"
	ProjectSection(ProjectDependencies) = postProject
		{7D37EE2C-DB8F-4EDC-88B4-FD3B910FEEF1} = {7D37EE2C-DB8F-4EDC-88B4-FD3B910FEEF1}
		{4B468B30-6E6E-4E36-A7CF-48BF0892E566} = {4B468B30-6E6E-4E36-A7CF-48BF0892E566}
	EndProjectSection
EndProject
Global
	GlobalSection(SolutionConfigurationPlatforms) = preSolution
		Debug|Any CPU = Debug|Any CPU
		Release|Any CPU = Release|Any CPU
	EndGlobalSection
	GlobalSection(ProjectConfigurationPlatforms) = postSolution
		{4B468B30-6E6E-4E36-A7CF-48BF0892E566}.Debug|Any CPU.ActiveCfg = Debug|Any CPU
		{4B468B30-6E6E-4E36-A7CF-48BF0892E566}.Debug|Any CPU.Build.0 = Debug|Any CPU
		{4B468B30-6E6E-4E36-A7CF-48BF0892E566}.Release|Any CPU.ActiveCfg = Release|Any CPU
		{4B468B30-6E6E-4E36-A7CF-48BF0892E566}.Release|Any CPU.Build.0 = Release|Any CPU
		{7C5BE5FC-50D9-453F-B535-0039B56177C3}.Debug|Any CPU.ActiveCfg = Debug|Any CPU
		{7C5BE5FC-50D9-453F-B535-0039B56177C3}.Debug|Any CPU.Build.0 = Debug|Any CPU
		{7C5BE5FC-50D9-453F-B535-0039B56177C3}.Release|Any CPU.ActiveCfg = Release|Any CPU
		{7C5BE5FC-50D9-453F-B535-0039B56177C3}.Release|Any CPU.Build.0 = Release|Any CPU
		{7D37EE2C-DB8F-4EDC-88B4-FD3B910FEEF1}.Debug|Any CPU.ActiveCfg = Debug|Any CPU
		{7D37EE2C-DB8F-4EDC-88B4-FD3B910FEEF1}.Debug|Any CPU.Build.0 = Debug|Any CPU
		{7D37EE2C-DB8F-4EDC-88B4-FD3B910FEEF1}.Release|Any CPU.ActiveCfg = Release|Any CPU
		{7D37EE2C-DB8F-4EDC-88B4-FD3B910FEEF1}.Release|Any CPU.Build.0 = Release|Any CPU
		{3D39345C-B95E-44E8-A00E-582DF38AF3F8}.Debug|Any CPU.ActiveCfg = Debug|Any CPU
		{3D39345C-B95E-44E8-A00E-582DF38AF3F8}.Debug|Any CPU.Build.0 = Debug|Any CPU
		{3D39345C-B95E-44E8-A00E-582DF38AF3F8}.Release|Any CPU.ActiveCfg = Release|Any CPU
		{3D39345C-B95E-44E8-A00E-582DF38AF3F8}.Release|Any CPU.Build.0 = Release|Any CPU
		{676BF4A7-FB26-4E1E-A972-087DCB0E26B8}.Debug|Any CPU.ActiveCfg = Debug|Any CPU
		{676BF4A7-FB26-4E1E-A972-087DCB0E26B8}.Release|Any CPU.ActiveCfg = Release|Any CPU
		{676BF4A7-FB26-4E1E-A972-087DCB0E26B8}.Release|Any CPU.Build.0 = Release|Any CPU
	EndGlobalSection
	GlobalSection(SolutionProperties) = preSolution
		HideSolutionNode = FALSE
	EndGlobalSection
	GlobalSection(ExtensibilityGlobals) = postSolution
		SolutionGuid = {C55B3E4E-812E-413E-A7FF-7E36D10DD430}
	EndGlobalSection
EndGlobal
