
Microsoft Visual Studio Solution File, Format Version 12.00
# Visual Studio 2013
VisualStudioVersion = 12.0.31101.0
MinimumVisualStudioVersion = 10.0.40219.1
Project("{FAE04EC0-301F-11D3-BF4B-00C04F79EFBC}") = "JeremyAnsel.IO.Locator", "JeremyAnsel.IO.Locator\JeremyAnsel.IO.Locator.csproj", "{9F7756C9-BF0A-461A-B653-CACCFBADC89B}"
EndProject
Project("{FAE04EC0-301F-11D3-BF4B-00C04F79EFBC}") = "JeremyAnsel.IO.DiscLocator", "JeremyAnsel.IO.DiscLocator\JeremyAnsel.IO.DiscLocator.csproj", "{0413E715-1614-4DE8-AF5D-18DF36965033}"
EndProject
Project("{FAE04EC0-301F-11D3-BF4B-00C04F79EFBC}") = "JeremyAnsel.IO.Locator.Tests", "JeremyAnsel.IO.Locator.Tests\JeremyAnsel.IO.Locator.Tests.csproj", "{DA652139-8111-4871-A327-FFA10981A3C7}"
EndProject
Project("{2150E333-8FDC-42A3-9474-1A3956D46DE8}") = ".nuget", ".nuget", "{7BFB4E94-C178-4EBD-99D7-B242D8AE2781}"
	ProjectSection(SolutionItems) = preProject
		.nuget\packages.config = .nuget\packages.config
	EndProjectSection
EndProject
Project("{FAE04EC0-301F-11D3-BF4B-00C04F79EFBC}") = "JeremyAnsel.IO.DiscLocator.Tests", "JeremyAnsel.IO.DiscLocator.Tests\JeremyAnsel.IO.DiscLocator.Tests.csproj", "{87333991-D7F1-45F0-ACDA-5F7F23CBA90F}"
EndProject
Project("{2150E333-8FDC-42A3-9474-1A3956D46DE8}") = "Solution Items", "Solution Items", "{12EBBFCD-9868-4CD8-9825-79FF8C747C9C}"
	ProjectSection(SolutionItems) = preProject
		AllRulesAsErrors.ruleset = AllRulesAsErrors.ruleset
		CustomDictionary.xml = CustomDictionary.xml
	EndProjectSection
EndProject
Project("{7CF6DF6D-3B04-46F8-A40B-537D21BCA0B4}") = "Documentation", "Documentation\Documentation.shfbproj", "{57CF8079-3C8B-4282-9746-BB6791D1BCD7}"
	ProjectSection(ProjectDependencies) = postProject
		{0413E715-1614-4DE8-AF5D-18DF36965033} = {0413E715-1614-4DE8-AF5D-18DF36965033}
		{9F7756C9-BF0A-461A-B653-CACCFBADC89B} = {9F7756C9-BF0A-461A-B653-CACCFBADC89B}
	EndProjectSection
EndProject
Global
	GlobalSection(SolutionConfigurationPlatforms) = preSolution
		Debug|Any CPU = Debug|Any CPU
		Release|Any CPU = Release|Any CPU
	EndGlobalSection
	GlobalSection(ProjectConfigurationPlatforms) = postSolution
		{9F7756C9-BF0A-461A-B653-CACCFBADC89B}.Debug|Any CPU.ActiveCfg = Debug|Any CPU
		{9F7756C9-BF0A-461A-B653-CACCFBADC89B}.Debug|Any CPU.Build.0 = Debug|Any CPU
		{9F7756C9-BF0A-461A-B653-CACCFBADC89B}.Release|Any CPU.ActiveCfg = Release|Any CPU
		{9F7756C9-BF0A-461A-B653-CACCFBADC89B}.Release|Any CPU.Build.0 = Release|Any CPU
		{0413E715-1614-4DE8-AF5D-18DF36965033}.Debug|Any CPU.ActiveCfg = Debug|Any CPU
		{0413E715-1614-4DE8-AF5D-18DF36965033}.Debug|Any CPU.Build.0 = Debug|Any CPU
		{0413E715-1614-4DE8-AF5D-18DF36965033}.Release|Any CPU.ActiveCfg = Release|Any CPU
		{0413E715-1614-4DE8-AF5D-18DF36965033}.Release|Any CPU.Build.0 = Release|Any CPU
		{DA652139-8111-4871-A327-FFA10981A3C7}.Debug|Any CPU.ActiveCfg = Debug|Any CPU
		{DA652139-8111-4871-A327-FFA10981A3C7}.Debug|Any CPU.Build.0 = Debug|Any CPU
		{DA652139-8111-4871-A327-FFA10981A3C7}.Release|Any CPU.ActiveCfg = Release|Any CPU
		{DA652139-8111-4871-A327-FFA10981A3C7}.Release|Any CPU.Build.0 = Release|Any CPU
		{87333991-D7F1-45F0-ACDA-5F7F23CBA90F}.Debug|Any CPU.ActiveCfg = Debug|Any CPU
		{87333991-D7F1-45F0-ACDA-5F7F23CBA90F}.Debug|Any CPU.Build.0 = Debug|Any CPU
		{87333991-D7F1-45F0-ACDA-5F7F23CBA90F}.Release|Any CPU.ActiveCfg = Release|Any CPU
		{87333991-D7F1-45F0-ACDA-5F7F23CBA90F}.Release|Any CPU.Build.0 = Release|Any CPU
		{57CF8079-3C8B-4282-9746-BB6791D1BCD7}.Debug|Any CPU.ActiveCfg = Debug|Any CPU
		{57CF8079-3C8B-4282-9746-BB6791D1BCD7}.Release|Any CPU.ActiveCfg = Release|Any CPU
		{57CF8079-3C8B-4282-9746-BB6791D1BCD7}.Release|Any CPU.Build.0 = Release|Any CPU
	EndGlobalSection
	GlobalSection(SolutionProperties) = preSolution
		HideSolutionNode = FALSE
	EndGlobalSection
EndGlobal
